
Microsoft Visual Studio Solution File, Format Version 12.00
# Visual Studio Version 17
VisualStudioVersion = 17.9.34728.123
MinimumVisualStudioVersion = 10.0.40219.1
Project("{FAE04EC0-301F-11D3-BF4B-00C04F79EFBC}") = "HIV_CARE.Repositories.ThienTTT", "HIV_CARE.Repositories.ThienTTT\HIV_CARE.Repositories.ThienTTT.csproj", "{34F5D151-76EF-4CAB-9907-EB768C69C183}"
EndProject
Project("{FAE04EC0-301F-11D3-BF4B-00C04F79EFBC}") = "HIV_CARE.Services.ThienTTT", "HIV_CARE.Services.ThienTTT\HIV_CARE.Services.ThienTTT.csproj", "{2DE7A9CE-D784-4430-9FF5-4308A5807873}"
EndProject
Project("{9A19103F-16F7-4668-BE54-9A1E7A4F7556}") = "HIV_CARE.APIServices.BE.ThienTTT", "HIV_CARE.APIServices.BE.ThienTTT\HIV_CARE.APIServices.BE.ThienTTT.csproj", "{239716E5-9B7C-4687-9C10-EC32E185045A}"
EndProject
Project("{9A19103F-16F7-4668-BE54-9A1E7A4F7556}") = "HIV_CARE.MVCWebApp.FE.ThienTTT", "HIV_CARE.MVCWebApp.FE.ThienTTT\HIV_CARE.MVCWebApp.FE.ThienTTT.csproj", "{B29461A5-C229-429C-8485-DE291D325B0D}"
EndProject
Global
	GlobalSection(SolutionConfigurationPlatforms) = preSolution
		Debug|Any CPU = Debug|Any CPU
		Release|Any CPU = Release|Any CPU
	EndGlobalSection
	GlobalSection(ProjectConfigurationPlatforms) = postSolution
		{34F5D151-76EF-4CAB-9907-EB768C69C183}.Debug|Any CPU.ActiveCfg = Debug|Any CPU
		{34F5D151-76EF-4CAB-9907-EB768C69C183}.Debug|Any CPU.Build.0 = Debug|Any CPU
		{34F5D151-76EF-4CAB-9907-EB768C69C183}.Release|Any CPU.ActiveCfg = Release|Any CPU
		{34F5D151-76EF-4CAB-9907-EB768C69C183}.Release|Any CPU.Build.0 = Release|Any CPU
		{2DE7A9CE-D784-4430-9FF5-4308A5807873}.Debug|Any CPU.ActiveCfg = Debug|Any CPU
		{2DE7A9CE-D784-4430-9FF5-4308A5807873}.Debug|Any CPU.Build.0 = Debug|Any CPU
		{2DE7A9CE-D784-4430-9FF5-4308A5807873}.Release|Any CPU.ActiveCfg = Release|Any CPU
		{2DE7A9CE-D784-4430-9FF5-4308A5807873}.Release|Any CPU.Build.0 = Release|Any CPU
		{239716E5-9B7C-4687-9C10-EC32E185045A}.Debug|Any CPU.ActiveCfg = Debug|Any CPU
		{239716E5-9B7C-4687-9C10-EC32E185045A}.Debug|Any CPU.Build.0 = Debug|Any CPU
		{239716E5-9B7C-4687-9C10-EC32E185045A}.Release|Any CPU.ActiveCfg = Release|Any CPU
		{239716E5-9B7C-4687-9C10-EC32E185045A}.Release|Any CPU.Build.0 = Release|Any CPU
		{B29461A5-C229-429C-8485-DE291D325B0D}.Debug|Any CPU.ActiveCfg = Debug|Any CPU
		{B29461A5-C229-429C-8485-DE291D325B0D}.Debug|Any CPU.Build.0 = Debug|Any CPU
		{B29461A5-C229-429C-8485-DE291D325B0D}.Release|Any CPU.ActiveCfg = Release|Any CPU
		{B29461A5-C229-429C-8485-DE291D325B0D}.Release|Any CPU.Build.0 = Release|Any CPU
	EndGlobalSection
	GlobalSection(SolutionProperties) = preSolution
		HideSolutionNode = FALSE
	EndGlobalSection
	GlobalSection(ExtensibilityGlobals) = postSolution
		SolutionGuid = {7F203406-BF98-49D4-B231-9485650E6891}
	EndGlobalSection
EndGlobal
